
Microsoft Visual Studio Solution File, Format Version 12.00
# Visual Studio 2012
Project("{FAE04EC0-301F-11D3-BF4B-00C04F79EFBC}") = "CSharpDeveloper", "CSharpDeveloper\CSharpDeveloper.csproj", "{3185A461-3A7C-4611-B3BC-110A952A0BA4}"
EndProject
Global
	GlobalSection(TeamFoundationVersionControl) = preSolution
		SccNumberOfProjects = 2
		SccEnterpriseProvider = {4CA58AB2-18FA-4F8D-95D4-32DDF27D184C}
		SccTeamFoundationServer = http://tfssvr105:8080/tfs/engineering
		SccLocalPath0 = .
		SccProjectUniqueName1 = CSharpDeveloper\\CSharpDeveloper.csproj
		SccProjectName1 = CSharpDeveloper
		SccLocalPath1 = CSharpDeveloper
	EndGlobalSection
	GlobalSection(SolutionConfigurationPlatforms) = preSolution
		Debug|Any CPU = Debug|Any CPU
		Release|Any CPU = Release|Any CPU
	EndGlobalSection
	GlobalSection(ProjectConfigurationPlatforms) = postSolution
		{3185A461-3A7C-4611-B3BC-110A952A0BA4}.Debug|Any CPU.ActiveCfg = Debug|Any CPU
		{3185A461-3A7C-4611-B3BC-110A952A0BA4}.Debug|Any CPU.Build.0 = Debug|Any CPU
		{3185A461-3A7C-4611-B3BC-110A952A0BA4}.Release|Any CPU.ActiveCfg = Release|Any CPU
		{3185A461-3A7C-4611-B3BC-110A952A0BA4}.Release|Any CPU.Build.0 = Release|Any CPU
	EndGlobalSection
	GlobalSection(SolutionProperties) = preSolution
		HideSolutionNode = FALSE
	EndGlobalSection
EndGlobal
